
Microsoft Visual Studio Solution File, Format Version 12.00
# Visual Studio Version 16
VisualStudioVersion = 16.0.32428.217
MinimumVisualStudioVersion = 10.0.40219.1
Project("{FAE04EC0-301F-11D3-BF4B-00C04F79EFBC}") = "Crawler.Agoda", "Crawler.Agoda\Crawler.Agoda.csproj", "{D636C3A9-9294-48A3-9253-EF94467A331C}"
EndProject
Project("{FAE04EC0-301F-11D3-BF4B-00C04F79EFBC}") = "Crawler.TripCom", "Crawler.TripCom\Crawler.TripCom.csproj", "{AE7069D1-3085-4A25-86FD-9C7344D976CF}"
EndProject
Global
	GlobalSection(SolutionConfigurationPlatforms) = preSolution
		Debug|Any CPU = Debug|Any CPU
		Release|Any CPU = Release|Any CPU
	EndGlobalSection
	GlobalSection(ProjectConfigurationPlatforms) = postSolution
		{D636C3A9-9294-48A3-9253-EF94467A331C}.Debug|Any CPU.ActiveCfg = Debug|Any CPU
		{D636C3A9-9294-48A3-9253-EF94467A331C}.Debug|Any CPU.Build.0 = Debug|Any CPU
		{D636C3A9-9294-48A3-9253-EF94467A331C}.Release|Any CPU.ActiveCfg = Release|Any CPU
		{D636C3A9-9294-48A3-9253-EF94467A331C}.Release|Any CPU.Build.0 = Release|Any CPU
		{AE7069D1-3085-4A25-86FD-9C7344D976CF}.Debug|Any CPU.ActiveCfg = Debug|Any CPU
		{AE7069D1-3085-4A25-86FD-9C7344D976CF}.Debug|Any CPU.Build.0 = Debug|Any CPU
		{AE7069D1-3085-4A25-86FD-9C7344D976CF}.Release|Any CPU.ActiveCfg = Release|Any CPU
		{AE7069D1-3085-4A25-86FD-9C7344D976CF}.Release|Any CPU.Build.0 = Release|Any CPU
	EndGlobalSection
	GlobalSection(SolutionProperties) = preSolution
		HideSolutionNode = FALSE
	EndGlobalSection
	GlobalSection(ExtensibilityGlobals) = postSolution
		SolutionGuid = {170687DA-6988-4D47-8D97-9BE68140E79C}
	EndGlobalSection
EndGlobal
